
Microsoft Visual Studio Solution File, Format Version 12.00
# Visual Studio Version 17
VisualStudioVersion = 17.4.33122.133
MinimumVisualStudioVersion = 10.0.40219.1
Project("{FAE04EC0-301F-11D3-BF4B-00C04F79EFBC}") = "RevolvingGames_Client", "RevolvingGames_Client\RevolvingGames_Client.csproj", "{12EBE3AB-0D5E-4084-B291-F4F2DBC1CC04}"
EndProject
Global
	GlobalSection(SolutionConfigurationPlatforms) = preSolution
		Debug|Any CPU = Debug|Any CPU
		Release|Any CPU = Release|Any CPU
	EndGlobalSection
	GlobalSection(ProjectConfigurationPlatforms) = postSolution
		{12EBE3AB-0D5E-4084-B291-F4F2DBC1CC04}.Debug|Any CPU.ActiveCfg = Debug|Any CPU
		{12EBE3AB-0D5E-4084-B291-F4F2DBC1CC04}.Debug|Any CPU.Build.0 = Debug|Any CPU
		{12EBE3AB-0D5E-4084-B291-F4F2DBC1CC04}.Release|Any CPU.ActiveCfg = Release|Any CPU
		{12EBE3AB-0D5E-4084-B291-F4F2DBC1CC04}.Release|Any CPU.Build.0 = Release|Any CPU
	EndGlobalSection
	GlobalSection(SolutionProperties) = preSolution
		HideSolutionNode = FALSE
	EndGlobalSection
	GlobalSection(ExtensibilityGlobals) = postSolution
		SolutionGuid = {CC137B80-F7C2-49B6-9D5C-E7A4773226F0}
	EndGlobalSection
EndGlobal
